// !$*UTF8*$!
{
	archiveVersion = 1;
	classes = {
	};
	objectVersion = 77;
	objects = {

/* Begin PBXBuildFile section */
		EF41C96E2E4CC784006A392C /* AppIconV1.icon in Resources */ = {isa = PBXBuildFile; fileRef = EF41C96D2E4CC783006A392C /* AppIconV1.icon */; };
		EF41C96F2E4CC784006A392C /* AppIconV1.icon in Resources */ = {isa = PBXBuildFile; fileRef = EF41C96D2E4CC783006A392C /* AppIconV1.icon */; };
		EF6B30DE2E4D0CA7005A2796 /* AppIconV2.icon in Resources */ = {isa = PBXBuildFile; fileRef = EF6B30DD2E4D0CA6005A2796 /* AppIconV2.icon */; };
		EF6B30DF2E4D0CA7005A2796 /* AppIconV2.icon in Resources */ = {isa = PBXBuildFile; fileRef = EF6B30DD2E4D0CA6005A2796 /* AppIconV2.icon */; };
		EF6B30E12E4D1194005A2796 /* AppIcon.icon in Resources */ = {isa = PBXBuildFile; fileRef = EF6B30E02E4D1194005A2796 /* AppIcon.icon */; };
		EF6B30E22E4D1194005A2796 /* AppIcon.icon in Resources */ = {isa = PBXBuildFile; fileRef = EF6B30E02E4D1194005A2796 /* AppIcon.icon */; };
		EFBE070F2D63E4DC004B39A0 /* WidgetKit.framework in Frameworks */ = {isa = PBXBuildFile; fileRef = EFBE070E2D63E4DC004B39A0 /* WidgetKit.framework */; };
		EFBE07112D63E4DC004B39A0 /* SwiftUI.framework in Frameworks */ = {isa = PBXBuildFile; fileRef = EFBE07102D63E4DC004B39A0 /* SwiftUI.framework */; };
		EFBE07202D63E4DF004B39A0 /* TopNoteWidgetExtension.appex in Embed Foundation Extensions */ = {isa = PBXBuildFile; fileRef = EFBE070C2D63E4DC004B39A0 /* TopNoteWidgetExtension.appex */; settings = {ATTRIBUTES = (RemoveHeadersOnCopy, ); }; };
/* End PBXBuildFile section */

/* Begin PBXContainerItemProxy section */
		EF48D3BB2EC96B05000F9E21 /* PBXContainerItemProxy */ = {
			isa = PBXContainerItemProxy;
			containerPortal = EFBE06EA2D63E4C3004B39A0 /* Project object */;
			proxyType = 1;
			remoteGlobalIDString = EFBE06F12D63E4C3004B39A0;
			remoteInfo = TopNote;
		};
		EF48D3C82EC96B21000F9E21 /* PBXContainerItemProxy */ = {
			isa = PBXContainerItemProxy;
			containerPortal = EFBE06EA2D63E4C3004B39A0 /* Project object */;
			proxyType = 1;
			remoteGlobalIDString = EFBE06F12D63E4C3004B39A0;
			remoteInfo = TopNote;
		};
		EFBE071E2D63E4DF004B39A0 /* PBXContainerItemProxy */ = {
			isa = PBXContainerItemProxy;
			containerPortal = EFBE06EA2D63E4C3004B39A0 /* Project object */;
			proxyType = 1;
			remoteGlobalIDString = EFBE070B2D63E4DC004B39A0;
			remoteInfo = TopNoteWidgetExtension;
		};
/* End PBXContainerItemProxy section */

/* Begin PBXCopyFilesBuildPhase section */
		EFBE07252D63E4DF004B39A0 /* Embed Foundation Extensions */ = {
			isa = PBXCopyFilesBuildPhase;
			buildActionMask = 2147483647;
			dstPath = "";
			dstSubfolderSpec = 13;
			files = (
				EFBE07202D63E4DF004B39A0 /* TopNoteWidgetExtension.appex in Embed Foundation Extensions */,
			);
			name = "Embed Foundation Extensions";
			runOnlyForDeploymentPostprocessing = 0;
		};
/* End PBXCopyFilesBuildPhase section */

/* Begin PBXFileReference section */
		EF41C96D2E4CC783006A392C /* AppIconV1.icon */ = {isa = PBXFileReference; lastKnownFileType = folder.iconcomposer.icon; path = AppIconV1.icon; sourceTree = "<group>"; };
		EF48D3B52EC96B05000F9E21 /* UITests.xctest */ = {isa = PBXFileReference; explicitFileType = wrapper.cfbundle; includeInIndex = 0; path = UITests.xctest; sourceTree = BUILT_PRODUCTS_DIR; };
		EF48D3C42EC96B21000F9E21 /* UnitTests.xctest */ = {isa = PBXFileReference; explicitFileType = wrapper.cfbundle; includeInIndex = 0; path = UnitTests.xctest; sourceTree = BUILT_PRODUCTS_DIR; };
		EF6B30DD2E4D0CA6005A2796 /* AppIconV2.icon */ = {isa = PBXFileReference; lastKnownFileType = folder.iconcomposer.icon; path = AppIconV2.icon; sourceTree = "<group>"; };
		EF6B30E02E4D1194005A2796 /* AppIcon.icon */ = {isa = PBXFileReference; lastKnownFileType = folder.iconcomposer.icon; path = AppIcon.icon; sourceTree = "<group>"; };
		EFBE06F22D63E4C3004B39A0 /* TopNote.app */ = {isa = PBXFileReference; explicitFileType = wrapper.application; includeInIndex = 0; path = TopNote.app; sourceTree = BUILT_PRODUCTS_DIR; };
		EFBE070C2D63E4DC004B39A0 /* TopNoteWidgetExtension.appex */ = {isa = PBXFileReference; explicitFileType = "wrapper.app-extension"; includeInIndex = 0; path = TopNoteWidgetExtension.appex; sourceTree = BUILT_PRODUCTS_DIR; };
		EFBE070E2D63E4DC004B39A0 /* WidgetKit.framework */ = {isa = PBXFileReference; lastKnownFileType = wrapper.framework; name = WidgetKit.framework; path = System/Library/Frameworks/WidgetKit.framework; sourceTree = SDKROOT; };
		EFBE07102D63E4DC004B39A0 /* SwiftUI.framework */ = {isa = PBXFileReference; lastKnownFileType = wrapper.framework; name = SwiftUI.framework; path = System/Library/Frameworks/SwiftUI.framework; sourceTree = SDKROOT; };
		EFBE07282D63E58F004B39A0 /* TopNoteWidgetExtension.entitlements */ = {isa = PBXFileReference; lastKnownFileType = text.plist.entitlements; path = TopNoteWidgetExtension.entitlements; sourceTree = "<group>"; };
		EFE4208E2D751B42009C18FD /* Testing.framework */ = {isa = PBXFileReference; lastKnownFileType = wrapper.framework; name = Testing.framework; path = Platforms/iPhoneOS.platform/Developer/Library/Frameworks/Testing.framework; sourceTree = DEVELOPER_DIR; };
/* End PBXFileReference section */

/* Begin PBXFileSystemSynchronizedBuildFileExceptionSet section */
		EFBE07022D63E4C5004B39A0 /* Exceptions for "TopNote" folder in "TopNote" target */ = {
			isa = PBXFileSystemSynchronizedBuildFileExceptionSet;
			membershipExceptions = (
				Info.plist,
			);
			target = EFBE06F12D63E4C3004B39A0 /* TopNote */;
		};
		EFBE07242D63E4DF004B39A0 /* Exceptions for "TopNoteWidget" folder in "TopNoteWidgetExtension" target */ = {
			isa = PBXFileSystemSynchronizedBuildFileExceptionSet;
			membershipExceptions = (
				Info.plist,
			);
			target = EFBE070B2D63E4DC004B39A0 /* TopNoteWidgetExtension */;
		};
		EFBE07272D63E4FC004B39A0 /* Exceptions for "TopNote" folder in "TopNoteWidgetExtension" target */ = {
			isa = PBXFileSystemSynchronizedBuildFileExceptionSet;
			membershipExceptions = (
				Models/Card.swift,
				Models/CardType.swift,
				"Models/Data-DemoCards.swift",
				Models/Folder.swift,
				Models/PriorityType.swift,
				Models/RatingModels.swift,
				Models/RatingType.swift,
				Models/RepeatInterval.swift,
				Models/RepeatPolicy.swift,
				Persistence/SharedModel.swift,
				Tips/Tips.swift,
			);
			target = EFBE070B2D63E4DC004B39A0 /* TopNoteWidgetExtension */;
		};
/* End PBXFileSystemSynchronizedBuildFileExceptionSet section */

/* Begin PBXFileSystemSynchronizedRootGroup section */
		EF48D3B62EC96B05000F9E21 /* UITests */ = {
			isa = PBXFileSystemSynchronizedRootGroup;
			path = UITests;
			sourceTree = "<group>";
		};
		EF48D3C52EC96B21000F9E21 /* UnitTests */ = {
			isa = PBXFileSystemSynchronizedRootGroup;
			path = UnitTests;
			sourceTree = "<group>";
		};
		EFBE06F42D63E4C3004B39A0 /* TopNote */ = {
			isa = PBXFileSystemSynchronizedRootGroup;
			exceptions = (
				EFBE07022D63E4C5004B39A0 /* Exceptions for "TopNote" folder in "TopNote" target */,
				EFBE07272D63E4FC004B39A0 /* Exceptions for "TopNote" folder in "TopNoteWidgetExtension" target */,
			);
			path = TopNote;
			sourceTree = "<group>";
		};
		EFBE07122D63E4DC004B39A0 /* TopNoteWidget */ = {
			isa = PBXFileSystemSynchronizedRootGroup;
			exceptions = (
				EFBE07242D63E4DF004B39A0 /* Exceptions for "TopNoteWidget" folder in "TopNoteWidgetExtension" target */,
			);
			path = TopNoteWidget;
			sourceTree = "<group>";
		};
/* End PBXFileSystemSynchronizedRootGroup section */

/* Begin PBXFrameworksBuildPhase section */
		EF48D3B22EC96B05000F9E21 /* Frameworks */ = {
			isa = PBXFrameworksBuildPhase;
			buildActionMask = 2147483647;
			files = (
			);
			runOnlyForDeploymentPostprocessing = 0;
		};
		EF48D3C12EC96B21000F9E21 /* Frameworks */ = {
			isa = PBXFrameworksBuildPhase;
			buildActionMask = 2147483647;
			files = (
			);
			runOnlyForDeploymentPostprocessing = 0;
		};
		EFBE06EF2D63E4C3004B39A0 /* Frameworks */ = {
			isa = PBXFrameworksBuildPhase;
			buildActionMask = 2147483647;
			files = (
			);
			runOnlyForDeploymentPostprocessing = 0;
		};
		EFBE07092D63E4DC004B39A0 /* Frameworks */ = {
			isa = PBXFrameworksBuildPhase;
			buildActionMask = 2147483647;
			files = (
				EFBE07112D63E4DC004B39A0 /* SwiftUI.framework in Frameworks */,
				EFBE070F2D63E4DC004B39A0 /* WidgetKit.framework in Frameworks */,
			);
			runOnlyForDeploymentPostprocessing = 0;
		};
/* End PBXFrameworksBuildPhase section */

/* Begin PBXGroup section */
		EFBE06E92D63E4C3004B39A0 = {
			isa = PBXGroup;
			children = (
				EFBE07282D63E58F004B39A0 /* TopNoteWidgetExtension.entitlements */,
				EFBE06F42D63E4C3004B39A0 /* TopNote */,
				EFBE07122D63E4DC004B39A0 /* TopNoteWidget */,
				EF48D3B62EC96B05000F9E21 /* UITests */,
				EF48D3C52EC96B21000F9E21 /* UnitTests */,
				EFBE070D2D63E4DC004B39A0 /* Frameworks */,
				EFBE06F32D63E4C3004B39A0 /* Products */,
			);
			sourceTree = "<group>";
		};
		EFBE06F32D63E4C3004B39A0 /* Products */ = {
			isa = PBXGroup;
			children = (
				EFBE06F22D63E4C3004B39A0 /* TopNote.app */,
				EFBE070C2D63E4DC004B39A0 /* TopNoteWidgetExtension.appex */,
				EF48D3B52EC96B05000F9E21 /* UITests.xctest */,
				EF48D3C42EC96B21000F9E21 /* UnitTests.xctest */,
			);
			name = Products;
			sourceTree = "<group>";
		};
		EFBE070D2D63E4DC004B39A0 /* Frameworks */ = {
			isa = PBXGroup;
			children = (
				EFE4208E2D751B42009C18FD /* Testing.framework */,
				EFBE070E2D63E4DC004B39A0 /* WidgetKit.framework */,
				EF6B30E02E4D1194005A2796 /* AppIcon.icon */,
				EFBE07102D63E4DC004B39A0 /* SwiftUI.framework */,
				EF41C96D2E4CC783006A392C /* AppIconV1.icon */,
				EF6B30DD2E4D0CA6005A2796 /* AppIconV2.icon */,
			);
			name = Frameworks;
			sourceTree = "<group>";
		};
/* End PBXGroup section */

/* Begin PBXNativeTarget section */
		EF48D3B42EC96B05000F9E21 /* UITests */ = {
			isa = PBXNativeTarget;
			buildConfigurationList = EF48D3BD2EC96B05000F9E21 /* Build configuration list for PBXNativeTarget "UITests" */;
			buildPhases = (
				EF48D3B12EC96B05000F9E21 /* Sources */,
				EF48D3B22EC96B05000F9E21 /* Frameworks */,
				EF48D3B32EC96B05000F9E21 /* Resources */,
			);
			buildRules = (
			);
			dependencies = (
				EF48D3BC2EC96B05000F9E21 /* PBXTargetDependency */,
			);
			fileSystemSynchronizedGroups = (
				EF48D3B62EC96B05000F9E21 /* UITests */,
			);
			name = UITests;
			packageProductDependencies = (
			);
			productName = UITests;
			productReference = EF48D3B52EC96B05000F9E21 /* UITests.xctest */;
			productType = "com.apple.product-type.bundle.ui-testing";
		};
		EF48D3C32EC96B21000F9E21 /* UnitTests */ = {
			isa = PBXNativeTarget;
			buildConfigurationList = EF48D3CA2EC96B21000F9E21 /* Build configuration list for PBXNativeTarget "UnitTests" */;
			buildPhases = (
				EF48D3C02EC96B21000F9E21 /* Sources */,
				EF48D3C12EC96B21000F9E21 /* Frameworks */,
				EF48D3C22EC96B21000F9E21 /* Resources */,
			);
			buildRules = (
			);
			dependencies = (
				EF48D3C92EC96B21000F9E21 /* PBXTargetDependency */,
			);
			fileSystemSynchronizedGroups = (
				EF48D3C52EC96B21000F9E21 /* UnitTests */,
			);
			name = UnitTests;
			packageProductDependencies = (
			);
			productName = UnitTests;
			productReference = EF48D3C42EC96B21000F9E21 /* UnitTests.xctest */;
			productType = "com.apple.product-type.bundle.unit-test";
		};
		EFBE06F12D63E4C3004B39A0 /* TopNote */ = {
			isa = PBXNativeTarget;
			buildConfigurationList = EFBE07032D63E4C5004B39A0 /* Build configuration list for PBXNativeTarget "TopNote" */;
			buildPhases = (
				EFBE06EE2D63E4C3004B39A0 /* Sources */,
				EFBE06EF2D63E4C3004B39A0 /* Frameworks */,
				EFBE06F02D63E4C3004B39A0 /* Resources */,
				EFBE07252D63E4DF004B39A0 /* Embed Foundation Extensions */,
			);
			buildRules = (
			);
			dependencies = (
				EFBE071F2D63E4DF004B39A0 /* PBXTargetDependency */,
			);
			fileSystemSynchronizedGroups = (
				EFBE06F42D63E4C3004B39A0 /* TopNote */,
			);
			name = TopNote;
			packageProductDependencies = (
			);
			productName = TopNote;
			productReference = EFBE06F22D63E4C3004B39A0 /* TopNote.app */;
			productType = "com.apple.product-type.application";
		};
		EFBE070B2D63E4DC004B39A0 /* TopNoteWidgetExtension */ = {
			isa = PBXNativeTarget;
			buildConfigurationList = EFBE07212D63E4DF004B39A0 /* Build configuration list for PBXNativeTarget "TopNoteWidgetExtension" */;
			buildPhases = (
				EFBE07082D63E4DC004B39A0 /* Sources */,
				EFBE07092D63E4DC004B39A0 /* Frameworks */,
				EFBE070A2D63E4DC004B39A0 /* Resources */,
			);
			buildRules = (
			);
			dependencies = (
			);
			fileSystemSynchronizedGroups = (
				EFBE07122D63E4DC004B39A0 /* TopNoteWidget */,
			);
			name = TopNoteWidgetExtension;
			packageProductDependencies = (
			);
			productName = TopNoteWidgetExtension;
			productReference = EFBE070C2D63E4DC004B39A0 /* TopNoteWidgetExtension.appex */;
			productType = "com.apple.product-type.app-extension";
		};
/* End PBXNativeTarget section */

/* Begin PBXProject section */
		EFBE06EA2D63E4C3004B39A0 /* Project object */ = {
			isa = PBXProject;
			attributes = {
				BuildIndependentTargetsInParallel = 1;
				LastSwiftUpdateCheck = 2610;
				LastUpgradeCheck = 2600;
				TargetAttributes = {
					EF48D3B42EC96B05000F9E21 = {
						CreatedOnToolsVersion = 26.1.1;
						TestTargetID = EFBE06F12D63E4C3004B39A0;
					};
					EF48D3C32EC96B21000F9E21 = {
						CreatedOnToolsVersion = 26.1.1;
						TestTargetID = EFBE06F12D63E4C3004B39A0;
					};
					EFBE06F12D63E4C3004B39A0 = {
						CreatedOnToolsVersion = 16.0;
					};
					EFBE070B2D63E4DC004B39A0 = {
						CreatedOnToolsVersion = 16.0;
					};
				};
			};
			buildConfigurationList = EFBE06ED2D63E4C3004B39A0 /* Build configuration list for PBXProject "TopNote" */;
			developmentRegion = en;
			hasScannedForEncodings = 0;
			knownRegions = (
				en,
				Base,
			);
			mainGroup = EFBE06E92D63E4C3004B39A0;
			minimizedProjectReferenceProxies = 1;
			preferredProjectObjectVersion = 77;
			productRefGroup = EFBE06F32D63E4C3004B39A0 /* Products */;
			projectDirPath = "";
			projectRoot = "";
			targets = (
				EFBE06F12D63E4C3004B39A0 /* TopNote */,
				EFBE070B2D63E4DC004B39A0 /* TopNoteWidgetExtension */,
				EF48D3B42EC96B05000F9E21 /* UITests */,
				EF48D3C32EC96B21000F9E21 /* UnitTests */,
			);
		};
/* End PBXProject section */

/* Begin PBXResourcesBuildPhase section */
		EF48D3B32EC96B05000F9E21 /* Resources */ = {
			isa = PBXResourcesBuildPhase;
			buildActionMask = 2147483647;
			files = (
			);
			runOnlyForDeploymentPostprocessing = 0;
		};
		EF48D3C22EC96B21000F9E21 /* Resources */ = {
			isa = PBXResourcesBuildPhase;
			buildActionMask = 2147483647;
			files = (
			);
			runOnlyForDeploymentPostprocessing = 0;
		};
		EFBE06F02D63E4C3004B39A0 /* Resources */ = {
			isa = PBXResourcesBuildPhase;
			buildActionMask = 2147483647;
			files = (
				EF6B30E22E4D1194005A2796 /* AppIcon.icon in Resources */,
				EF6B30DE2E4D0CA7005A2796 /* AppIconV2.icon in Resources */,
				EF41C96F2E4CC784006A392C /* AppIconV1.icon in Resources */,
			);
			runOnlyForDeploymentPostprocessing = 0;
		};
		EFBE070A2D63E4DC004B39A0 /* Resources */ = {
			isa = PBXResourcesBuildPhase;
			buildActionMask = 2147483647;
			files = (
				EF6B30DF2E4D0CA7005A2796 /* AppIconV2.icon in Resources */,
				EF6B30E12E4D1194005A2796 /* AppIcon.icon in Resources */,
				EF41C96E2E4CC784006A392C /* AppIconV1.icon in Resources */,
			);
			runOnlyForDeploymentPostprocessing = 0;
		};
/* End PBXResourcesBuildPhase section */

/* Begin PBXSourcesBuildPhase section */
		EF48D3B12EC96B05000F9E21 /* Sources */ = {
			isa = PBXSourcesBuildPhase;
			buildActionMask = 2147483647;
			files = (
			);
			runOnlyForDeploymentPostprocessing = 0;
		};
		EF48D3C02EC96B21000F9E21 /* Sources */ = {
			isa = PBXSourcesBuildPhase;
			buildActionMask = 2147483647;
			files = (
			);
			runOnlyForDeploymentPostprocessing = 0;
		};
		EFBE06EE2D63E4C3004B39A0 /* Sources */ = {
			isa = PBXSourcesBuildPhase;
			buildActionMask = 2147483647;
			files = (
			);
			runOnlyForDeploymentPostprocessing = 0;
		};
		EFBE07082D63E4DC004B39A0 /* Sources */ = {
			isa = PBXSourcesBuildPhase;
			buildActionMask = 2147483647;
			files = (
			);
			runOnlyForDeploymentPostprocessing = 0;
		};
/* End PBXSourcesBuildPhase section */

/* Begin PBXTargetDependency section */
		EF48D3BC2EC96B05000F9E21 /* PBXTargetDependency */ = {
			isa = PBXTargetDependency;
			target = EFBE06F12D63E4C3004B39A0 /* TopNote */;
			targetProxy = EF48D3BB2EC96B05000F9E21 /* PBXContainerItemProxy */;
		};
		EF48D3C92EC96B21000F9E21 /* PBXTargetDependency */ = {
			isa = PBXTargetDependency;
			target = EFBE06F12D63E4C3004B39A0 /* TopNote */;
			targetProxy = EF48D3C82EC96B21000F9E21 /* PBXContainerItemProxy */;
		};
		EFBE071F2D63E4DF004B39A0 /* PBXTargetDependency */ = {
			isa = PBXTargetDependency;
			target = EFBE070B2D63E4DC004B39A0 /* TopNoteWidgetExtension */;
			targetProxy = EFBE071E2D63E4DF004B39A0 /* PBXContainerItemProxy */;
		};
/* End PBXTargetDependency section */

/* Begin XCBuildConfiguration section */
		EF48D3BE2EC96B05000F9E21 /* Debug */ = {
			isa = XCBuildConfiguration;
			buildSettings = {
				CODE_SIGN_STYLE = Automatic;
				CURRENT_PROJECT_VERSION = 1;
				DEVELOPMENT_TEAM = MF8J7AY2X3;
				GENERATE_INFOPLIST_FILE = YES;
				IPHONEOS_DEPLOYMENT_TARGET = 18.0;
				MARKETING_VERSION = 1.0;
				PRODUCT_BUNDLE_IDENTIFIER = "zachary-sturman.UITests";
				PRODUCT_NAME = "$(TARGET_NAME)";
				STRING_CATALOG_GENERATE_SYMBOLS = NO;
				SWIFT_APPROACHABLE_CONCURRENCY = YES;
				SWIFT_EMIT_LOC_STRINGS = NO;
				SWIFT_UPCOMING_FEATURE_MEMBER_IMPORT_VISIBILITY = YES;
				SWIFT_VERSION = 5.0;
				TARGETED_DEVICE_FAMILY = "1,2";
				TEST_TARGET_NAME = TopNote;
			};
			name = Debug;
		};
		EF48D3BF2EC96B05000F9E21 /* Release */ = {
			isa = XCBuildConfiguration;
			buildSettings = {
				CODE_SIGN_STYLE = Automatic;
				CURRENT_PROJECT_VERSION = 1;
				DEVELOPMENT_TEAM = MF8J7AY2X3;
				GENERATE_INFOPLIST_FILE = YES;
				IPHONEOS_DEPLOYMENT_TARGET = 18.0;
				MARKETING_VERSION = 1.0;
				PRODUCT_BUNDLE_IDENTIFIER = "zachary-sturman.UITests";
				PRODUCT_NAME = "$(TARGET_NAME)";
				STRING_CATALOG_GENERATE_SYMBOLS = NO;
				SWIFT_APPROACHABLE_CONCURRENCY = YES;
				SWIFT_EMIT_LOC_STRINGS = NO;
				SWIFT_UPCOMING_FEATURE_MEMBER_IMPORT_VISIBILITY = YES;
				SWIFT_VERSION = 5.0;
				TARGETED_DEVICE_FAMILY = "1,2";
				TEST_TARGET_NAME = TopNote;
			};
			name = Release;
		};
		EF48D3CB2EC96B21000F9E21 /* Debug */ = {
			isa = XCBuildConfiguration;
			buildSettings = {
				BUNDLE_LOADER = "$(TEST_HOST)";
				CODE_SIGN_STYLE = Automatic;
				CURRENT_PROJECT_VERSION = 1;
				DEVELOPMENT_TEAM = MF8J7AY2X3;
				GENERATE_INFOPLIST_FILE = YES;
				IPHONEOS_DEPLOYMENT_TARGET = 18.0;
				MARKETING_VERSION = 1.0;
				PRODUCT_BUNDLE_IDENTIFIER = "zachary-sturman.UnitTests";
				PRODUCT_NAME = "$(TARGET_NAME)";
				STRING_CATALOG_GENERATE_SYMBOLS = NO;
				SWIFT_APPROACHABLE_CONCURRENCY = YES;
				SWIFT_EMIT_LOC_STRINGS = NO;
				SWIFT_UPCOMING_FEATURE_MEMBER_IMPORT_VISIBILITY = YES;
				SWIFT_VERSION = 5.0;
				TARGETED_DEVICE_FAMILY = "1,2";
				TEST_HOST = "$(BUILT_PRODUCTS_DIR)/TopNote.app/$(BUNDLE_EXECUTABLE_FOLDER_PATH)/TopNote";
			};
			name = Debug;
		};
		EF48D3CC2EC96B21000F9E21 /* Release */ = {
			isa = XCBuildConfiguration;
			buildSettings = {
				BUNDLE_LOADER = "$(TEST_HOST)";
				CODE_SIGN_STYLE = Automatic;
				CURRENT_PROJECT_VERSION = 1;
				DEVELOPMENT_TEAM = MF8J7AY2X3;
				GENERATE_INFOPLIST_FILE = YES;
				IPHONEOS_DEPLOYMENT_TARGET = 18.0;
				MARKETING_VERSION = 1.0;
				PRODUCT_BUNDLE_IDENTIFIER = "zachary-sturman.UnitTests";
				PRODUCT_NAME = "$(TARGET_NAME)";
				STRING_CATALOG_GENERATE_SYMBOLS = NO;
				SWIFT_APPROACHABLE_CONCURRENCY = YES;
				SWIFT_EMIT_LOC_STRINGS = NO;
				SWIFT_UPCOMING_FEATURE_MEMBER_IMPORT_VISIBILITY = YES;
				SWIFT_VERSION = 5.0;
				TARGETED_DEVICE_FAMILY = "1,2";
				TEST_HOST = "$(BUILT_PRODUCTS_DIR)/TopNote.app/$(BUNDLE_EXECUTABLE_FOLDER_PATH)/TopNote";
			};
			name = Release;
		};
		EFBE07042D63E4C5004B39A0 /* Debug */ = {
			isa = XCBuildConfiguration;
			buildSettings = {
				ASSETCATALOG_COMPILER_APPICON_NAME = AppIcon;
				ASSETCATALOG_COMPILER_GLOBAL_ACCENT_COLOR_NAME = AccentColor;
				ASSETCATALOG_COMPILER_INCLUDE_ALL_APPICON_ASSETS = YES;
				CODE_SIGN_ENTITLEMENTS = TopNote/TopNote.entitlements;
				CODE_SIGN_STYLE = Automatic;
				CURRENT_PROJECT_VERSION = 17;
				DEVELOPMENT_ASSET_PATHS = "\"TopNote/Preview Content\"";
				ENABLE_APP_SANDBOX = YES;
				ENABLE_PREVIEWS = YES;
				ENABLE_USER_SELECTED_FILES = readonly;
				GENERATE_INFOPLIST_FILE = YES;
				INFOPLIST_FILE = TopNote/Info.plist;
				INFOPLIST_KEY_CFBundleDisplayName = "Top Note";
				INFOPLIST_KEY_LSApplicationCategoryType = "public.app-category.productivity";
				INFOPLIST_KEY_UIApplicationSceneManifest_Generation = YES;
				INFOPLIST_KEY_UIApplicationSupportsIndirectInputEvents = YES;
				INFOPLIST_KEY_UILaunchScreen_Generation = YES;
				INFOPLIST_KEY_UISupportedInterfaceOrientations = UIInterfaceOrientationPortrait;
				INFOPLIST_KEY_UISupportedInterfaceOrientations_iPad = "UIInterfaceOrientationLandscapeLeft UIInterfaceOrientationLandscapeRight UIInterfaceOrientationPortrait UIInterfaceOrientationPortraitUpsideDown";
				INFOPLIST_KEY_WKRunsIndependentlyOfCompanionApp = YES;
				LD_RUNPATH_SEARCH_PATHS = (
					"$(inherited)",
					"@executable_path/Frameworks",
				);
				MARKETING_VERSION = 1.8.4;
				PRODUCT_BUNDLE_IDENTIFIER = zacharysturman.TopNote;
				PRODUCT_NAME = "$(TARGET_NAME)";
				REGISTER_APP_GROUPS = NO;
				SUPPORTED_PLATFORMS = "iphoneos iphonesimulator";
				SUPPORTS_MACCATALYST = NO;
				SUPPORTS_MAC_DESIGNED_FOR_IPHONE_IPAD = YES;
				SWIFT_EMIT_LOC_STRINGS = YES;
				SWIFT_VERSION = 5.0;
				TARGETED_DEVICE_FAMILY = "1,2";
			};
			name = Debug;
		};
		EFBE07052D63E4C5004B39A0 /* Release */ = {
			isa = XCBuildConfiguration;
			buildSettings = {
				ASSETCATALOG_COMPILER_APPICON_NAME = AppIcon;
				ASSETCATALOG_COMPILER_GLOBAL_ACCENT_COLOR_NAME = AccentColor;
				ASSETCATALOG_COMPILER_INCLUDE_ALL_APPICON_ASSETS = YES;
				CODE_SIGN_ENTITLEMENTS = TopNote/TopNote.entitlements;
				CODE_SIGN_STYLE = Automatic;
				CURRENT_PROJECT_VERSION = 17;
				DEVELOPMENT_ASSET_PATHS = "\"TopNote/Preview Content\"";
				ENABLE_APP_SANDBOX = YES;
				ENABLE_PREVIEWS = YES;
				ENABLE_USER_SELECTED_FILES = readonly;
				GENERATE_INFOPLIST_FILE = YES;
				INFOPLIST_FILE = TopNote/Info.plist;
				INFOPLIST_KEY_CFBundleDisplayName = "Top Note";
				INFOPLIST_KEY_LSApplicationCategoryType = "public.app-category.productivity";
				INFOPLIST_KEY_UIApplicationSceneManifest_Generation = YES;
				INFOPLIST_KEY_UIApplicationSupportsIndirectInputEvents = YES;
				INFOPLIST_KEY_UILaunchScreen_Generation = YES;
				INFOPLIST_KEY_UISupportedInterfaceOrientations = UIInterfaceOrientationPortrait;
				INFOPLIST_KEY_UISupportedInterfaceOrientations_iPad = "UIInterfaceOrientationLandscapeLeft UIInterfaceOrientationLandscapeRight UIInterfaceOrientationPortrait UIInterfaceOrientationPortraitUpsideDown";
				INFOPLIST_KEY_WKRunsIndependentlyOfCompanionApp = YES;
				LD_RUNPATH_SEARCH_PATHS = (
					"$(inherited)",
					"@executable_path/Frameworks",
				);
				MARKETING_VERSION = 1.8.4;
				PRODUCT_BUNDLE_IDENTIFIER = zacharysturman.TopNote;
				PRODUCT_NAME = "$(TARGET_NAME)";
				REGISTER_APP_GROUPS = NO;
				SUPPORTED_PLATFORMS = "iphoneos iphonesimulator";
				SUPPORTS_MACCATALYST = NO;
				SUPPORTS_MAC_DESIGNED_FOR_IPHONE_IPAD = YES;
				SWIFT_EMIT_LOC_STRINGS = YES;
				SWIFT_VERSION = 5.0;
				TARGETED_DEVICE_FAMILY = "1,2";
			};
			name = Release;
		};
		EFBE07062D63E4C5004B39A0 /* Debug */ = {
			isa = XCBuildConfiguration;
			buildSettings = {
				ALLOW_TARGET_PLATFORM_SPECIALIZATION = YES;
				ALWAYS_SEARCH_USER_PATHS = NO;
				ASSETCATALOG_COMPILER_GENERATE_SWIFT_ASSET_SYMBOL_EXTENSIONS = YES;
				CLANG_ANALYZER_NONNULL = YES;
				CLANG_ANALYZER_NUMBER_OBJECT_CONVERSION = YES_AGGRESSIVE;
				CLANG_CXX_LANGUAGE_STANDARD = "gnu++20";
				CLANG_ENABLE_MODULES = YES;
				CLANG_ENABLE_OBJC_ARC = YES;
				CLANG_ENABLE_OBJC_WEAK = YES;
				CLANG_WARN_BLOCK_CAPTURE_AUTORELEASING = YES;
				CLANG_WARN_BOOL_CONVERSION = YES;
				CLANG_WARN_COMMA = YES;
				CLANG_WARN_CONSTANT_CONVERSION = YES;
				CLANG_WARN_DEPRECATED_OBJC_IMPLEMENTATIONS = YES;
				CLANG_WARN_DIRECT_OBJC_ISA_USAGE = YES_ERROR;
				CLANG_WARN_DOCUMENTATION_COMMENTS = YES;
				CLANG_WARN_EMPTY_BODY = YES;
				CLANG_WARN_ENUM_CONVERSION = YES;
				CLANG_WARN_INFINITE_RECURSION = YES;
				CLANG_WARN_INT_CONVERSION = YES;
				CLANG_WARN_NON_LITERAL_NULL_CONVERSION = YES;
				CLANG_WARN_OBJC_IMPLICIT_RETAIN_SELF = YES;
				CLANG_WARN_OBJC_LITERAL_CONVERSION = YES;
				CLANG_WARN_OBJC_ROOT_CLASS = YES_ERROR;
				CLANG_WARN_QUOTED_INCLUDE_IN_FRAMEWORK_HEADER = YES;
				CLANG_WARN_RANGE_LOOP_ANALYSIS = YES;
				CLANG_WARN_STRICT_PROTOTYPES = YES;
				CLANG_WARN_SUSPICIOUS_MOVE = YES;
				CLANG_WARN_UNGUARDED_AVAILABILITY = YES_AGGRESSIVE;
				CLANG_WARN_UNREACHABLE_CODE = YES;
				CLANG_WARN__DUPLICATE_METHOD_MATCH = YES;
				COPY_PHASE_STRIP = NO;
				DEBUG_INFORMATION_FORMAT = dwarf;
				DEVELOPMENT_TEAM = MF8J7AY2X3;
				ENABLE_HARDENED_RUNTIME = NO;
				ENABLE_STRICT_OBJC_MSGSEND = YES;
				ENABLE_TESTABILITY = YES;
				ENABLE_USER_SCRIPT_SANDBOXING = YES;
				GCC_C_LANGUAGE_STANDARD = gnu17;
				GCC_DYNAMIC_NO_PIC = NO;
				GCC_NO_COMMON_BLOCKS = YES;
				GCC_OPTIMIZATION_LEVEL = 0;
				GCC_PREPROCESSOR_DEFINITIONS = (
					"DEBUG=1",
					"$(inherited)",
				);
				GCC_WARN_64_TO_32_BIT_CONVERSION = YES;
				GCC_WARN_ABOUT_RETURN_TYPE = YES_ERROR;
				GCC_WARN_UNDECLARED_SELECTOR = YES;
				GCC_WARN_UNINITIALIZED_AUTOS = YES_AGGRESSIVE;
				GCC_WARN_UNUSED_FUNCTION = YES;
				GCC_WARN_UNUSED_VARIABLE = YES;
				INFOPLIST_KEY_WKRunsIndependentlyOfCompanionApp = YES;
				IPHONEOS_DEPLOYMENT_TARGET = 18.0;
				LOCALIZATION_PREFERS_STRING_CATALOGS = YES;
				MTL_ENABLE_DEBUG_INFO = INCLUDE_SOURCE;
				MTL_FAST_MATH = YES;
				ONLY_ACTIVE_ARCH = YES;
				SDKROOT = iphoneos;
				STRING_CATALOG_GENERATE_SYMBOLS = YES;
				SUPPORTED_PLATFORMS = "iphonesimulator iphoneos";
				SUPPORTS_MACCATALYST = YES;
				SWIFT_ACTIVE_COMPILATION_CONDITIONS = "DEBUG $(inherited)";
				SWIFT_OPTIMIZATION_LEVEL = "-Onone";
			};
			name = Debug;
		};
		EFBE07072D63E4C5004B39A0 /* Release */ = {
			isa = XCBuildConfiguration;
			buildSettings = {
				ALLOW_TARGET_PLATFORM_SPECIALIZATION = YES;
				ALWAYS_SEARCH_USER_PATHS = NO;
				ASSETCATALOG_COMPILER_GENERATE_SWIFT_ASSET_SYMBOL_EXTENSIONS = YES;
				CLANG_ANALYZER_NONNULL = YES;
				CLANG_ANALYZER_NUMBER_OBJECT_CONVERSION = YES_AGGRESSIVE;
				CLANG_CXX_LANGUAGE_STANDARD = "gnu++20";
				CLANG_ENABLE_MODULES = YES;
				CLANG_ENABLE_OBJC_ARC = YES;
				CLANG_ENABLE_OBJC_WEAK = YES;
				CLANG_WARN_BLOCK_CAPTURE_AUTORELEASING = YES;
				CLANG_WARN_BOOL_CONVERSION = YES;
				CLANG_WARN_COMMA = YES;
				CLANG_WARN_CONSTANT_CONVERSION = YES;
				CLANG_WARN_DEPRECATED_OBJC_IMPLEMENTATIONS = YES;
				CLANG_WARN_DIRECT_OBJC_ISA_USAGE = YES_ERROR;
				CLANG_WARN_DOCUMENTATION_COMMENTS = YES;
				CLANG_WARN_EMPTY_BODY = YES;
				CLANG_WARN_ENUM_CONVERSION = YES;
				CLANG_WARN_INFINITE_RECURSION = YES;
				CLANG_WARN_INT_CONVERSION = YES;
				CLANG_WARN_NON_LITERAL_NULL_CONVERSION = YES;
				CLANG_WARN_OBJC_IMPLICIT_RETAIN_SELF = YES;
				CLANG_WARN_OBJC_LITERAL_CONVERSION = YES;
				CLANG_WARN_OBJC_ROOT_CLASS = YES_ERROR;
				CLANG_WARN_QUOTED_INCLUDE_IN_FRAMEWORK_HEADER = YES;
				CLANG_WARN_RANGE_LOOP_ANALYSIS = YES;
				CLANG_WARN_STRICT_PROTOTYPES = YES;
				CLANG_WARN_SUSPICIOUS_MOVE = YES;
				CLANG_WARN_UNGUARDED_AVAILABILITY = YES_AGGRESSIVE;
				CLANG_WARN_UNREACHABLE_CODE = YES;
				CLANG_WARN__DUPLICATE_METHOD_MATCH = YES;
				COPY_PHASE_STRIP = NO;
				DEBUG_INFORMATION_FORMAT = "dwarf-with-dsym";
				DEVELOPMENT_TEAM = MF8J7AY2X3;
				ENABLE_HARDENED_RUNTIME = NO;
				ENABLE_NS_ASSERTIONS = NO;
				ENABLE_STRICT_OBJC_MSGSEND = YES;
				ENABLE_USER_SCRIPT_SANDBOXING = YES;
				GCC_C_LANGUAGE_STANDARD = gnu17;
				GCC_NO_COMMON_BLOCKS = YES;
				GCC_WARN_64_TO_32_BIT_CONVERSION = YES;
				GCC_WARN_ABOUT_RETURN_TYPE = YES_ERROR;
				GCC_WARN_UNDECLARED_SELECTOR = YES;
				GCC_WARN_UNINITIALIZED_AUTOS = YES_AGGRESSIVE;
				GCC_WARN_UNUSED_FUNCTION = YES;
				GCC_WARN_UNUSED_VARIABLE = YES;
				INFOPLIST_KEY_WKRunsIndependentlyOfCompanionApp = YES;
				IPHONEOS_DEPLOYMENT_TARGET = 18.0;
				LOCALIZATION_PREFERS_STRING_CATALOGS = YES;
				MTL_ENABLE_DEBUG_INFO = NO;
				MTL_FAST_MATH = YES;
				SDKROOT = iphoneos;
				STRING_CATALOG_GENERATE_SYMBOLS = YES;
				SUPPORTED_PLATFORMS = "iphonesimulator iphoneos";
				SUPPORTS_MACCATALYST = YES;
				SWIFT_COMPILATION_MODE = wholemodule;
				VALIDATE_PRODUCT = YES;
			};
			name = Release;
		};
		EFBE07222D63E4DF004B39A0 /* Debug */ = {
			isa = XCBuildConfiguration;
			buildSettings = {
				ASSETCATALOG_COMPILER_GLOBAL_ACCENT_COLOR_NAME = AccentColor;
				ASSETCATALOG_COMPILER_WIDGET_BACKGROUND_COLOR_NAME = WidgetBackground;
				CODE_SIGN_ENTITLEMENTS = TopNoteWidgetExtension.entitlements;
				CODE_SIGN_STYLE = Automatic;
				CURRENT_PROJECT_VERSION = 10;
				GENERATE_INFOPLIST_FILE = YES;
				INFOPLIST_FILE = TopNoteWidget/Info.plist;
				INFOPLIST_KEY_CFBundleDisplayName = TopNoteWidget;
				INFOPLIST_KEY_NSHumanReadableCopyright = "";
				LD_RUNPATH_SEARCH_PATHS = (
					"$(inherited)",
					"@executable_path/Frameworks",
					"@executable_path/../../Frameworks",
				);
				MARKETING_VERSION = 1.6;
				PRODUCT_BUNDLE_IDENTIFIER = zacharysturman.TopNote.TopNoteWidget;
				PRODUCT_NAME = "$(TARGET_NAME)";
				SKIP_INSTALL = YES;
				SWIFT_EMIT_LOC_STRINGS = YES;
				SWIFT_VERSION = 5.0;
				TARGETED_DEVICE_FAMILY = "1,2";
			};
			name = Debug;
		};
		EFBE07232D63E4DF004B39A0 /* Release */ = {
			isa = XCBuildConfiguration;
			buildSettings = {
				ASSETCATALOG_COMPILER_GLOBAL_ACCENT_COLOR_NAME = AccentColor;
				ASSETCATALOG_COMPILER_WIDGET_BACKGROUND_COLOR_NAME = WidgetBackground;
				CODE_SIGN_ENTITLEMENTS = TopNoteWidgetExtension.entitlements;
				CODE_SIGN_STYLE = Automatic;
				CURRENT_PROJECT_VERSION = 10;
				GENERATE_INFOPLIST_FILE = YES;
				INFOPLIST_FILE = TopNoteWidget/Info.plist;
				INFOPLIST_KEY_CFBundleDisplayName = TopNoteWidget;
				INFOPLIST_KEY_NSHumanReadableCopyright = "";
				LD_RUNPATH_SEARCH_PATHS = (
					"$(inherited)",
					"@executable_path/Frameworks",
					"@executable_path/../../Frameworks",
				);
				MARKETING_VERSION = 1.6;
				PRODUCT_BUNDLE_IDENTIFIER = zacharysturman.TopNote.TopNoteWidget;
				PRODUCT_NAME = "$(TARGET_NAME)";
				SKIP_INSTALL = YES;
				SWIFT_EMIT_LOC_STRINGS = YES;
				SWIFT_VERSION = 5.0;
				TARGETED_DEVICE_FAMILY = "1,2";
			};
			name = Release;
		};
/* End XCBuildConfiguration section */

/* Begin XCConfigurationList section */
		EF48D3BD2EC96B05000F9E21 /* Build configuration list for PBXNativeTarget "UITests" */ = {
			isa = XCConfigurationList;
			buildConfigurations = (
				EF48D3BE2EC96B05000F9E21 /* Debug */,
				EF48D3BF2EC96B05000F9E21 /* Release */,
			);
			defaultConfigurationIsVisible = 0;
			defaultConfigurationName = Release;
		};
		EF48D3CA2EC96B21000F9E21 /* Build configuration list for PBXNativeTarget "UnitTests" */ = {
			isa = XCConfigurationList;
			buildConfigurations = (
				EF48D3CB2EC96B21000F9E21 /* Debug */,
				EF48D3CC2EC96B21000F9E21 /* Release */,
			);
			defaultConfigurationIsVisible = 0;
			defaultConfigurationName = Release;
		};
		EFBE06ED2D63E4C3004B39A0 /* Build configuration list for PBXProject "TopNote" */ = {
			isa = XCConfigurationList;
			buildConfigurations = (
				EFBE07062D63E4C5004B39A0 /* Debug */,
				EFBE07072D63E4C5004B39A0 /* Release */,
			);
			defaultConfigurationIsVisible = 0;
			defaultConfigurationName = Release;
		};
		EFBE07032D63E4C5004B39A0 /* Build configuration list for PBXNativeTarget "TopNote" */ = {
			isa = XCConfigurationList;
			buildConfigurations = (
				EFBE07042D63E4C5004B39A0 /* Debug */,
				EFBE07052D63E4C5004B39A0 /* Release */,
			);
			defaultConfigurationIsVisible = 0;
			defaultConfigurationName = Release;
		};
		EFBE07212D63E4DF004B39A0 /* Build configuration list for PBXNativeTarget "TopNoteWidgetExtension" */ = {
			isa = XCConfigurationList;
			buildConfigurations = (
				EFBE07222D63E4DF004B39A0 /* Debug */,
				EFBE07232D63E4DF004B39A0 /* Release */,
			);
			defaultConfigurationIsVisible = 0;
			defaultConfigurationName = Release;
		};
/* End XCConfigurationList section */
	};
	rootObject = EFBE06EA2D63E4C3004B39A0 /* Project object */;
}
