// !$*UTF8*$!
{
	archiveVersion = 1;
	classes = {
	};
	objectVersion = 77;
	objects = {

/* Begin PBXBuildFile section */
		EFBE070F2D63E4DC004B39A0 /* WidgetKit.framework in Frameworks */ = {isa = PBXBuildFile; fileRef = EFBE070E2D63E4DC004B39A0 /* WidgetKit.framework */; };
		EFBE07112D63E4DC004B39A0 /* SwiftUI.framework in Frameworks */ = {isa = PBXBuildFile; fileRef = EFBE07102D63E4DC004B39A0 /* SwiftUI.framework */; };
		EFBE07202D63E4DF004B39A0 /* TopNoteWidgetExtension.appex in Embed Foundation Extensions */ = {isa = PBXBuildFile; fileRef = EFBE070C2D63E4DC004B39A0 /* TopNoteWidgetExtension.appex */; settings = {ATTRIBUTES = (RemoveHeadersOnCopy, ); }; };
/* End PBXBuildFile section */

/* Begin PBXContainerItemProxy section */
		EFBE071E2D63E4DF004B39A0 /* PBXContainerItemProxy */ = {
			isa = PBXContainerItemProxy;
			containerPortal = EFBE06EA2D63E4C3004B39A0 /* Project object */;
			proxyType = 1;
			remoteGlobalIDString = EFBE070B2D63E4DC004B39A0;
			remoteInfo = TopNoteWidgetExtension;
		};
/* End PBXContainerItemProxy section */

/* Begin PBXCopyFilesBuildPhase section */
		EFBE07252D63E4DF004B39A0 /* Embed Foundation Extensions */ = {
			isa = PBXCopyFilesBuildPhase;
			buildActionMask = 2147483647;
			dstPath = "";
			dstSubfolderSpec = 13;
			files = (
				EFBE07202D63E4DF004B39A0 /* TopNoteWidgetExtension.appex in Embed Foundation Extensions */,
			);
			name = "Embed Foundation Extensions";
			runOnlyForDeploymentPostprocessing = 0;
		};
/* End PBXCopyFilesBuildPhase section */

/* Begin PBXFileReference section */
		EFBE06F22D63E4C3004B39A0 /* TopNote.app */ = {isa = PBXFileReference; explicitFileType = wrapper.application; includeInIndex = 0; path = TopNote.app; sourceTree = BUILT_PRODUCTS_DIR; };
		EFBE070C2D63E4DC004B39A0 /* TopNoteWidgetExtension.appex */ = {isa = PBXFileReference; explicitFileType = "wrapper.app-extension"; includeInIndex = 0; path = TopNoteWidgetExtension.appex; sourceTree = BUILT_PRODUCTS_DIR; };
		EFBE070E2D63E4DC004B39A0 /* WidgetKit.framework */ = {isa = PBXFileReference; lastKnownFileType = wrapper.framework; name = WidgetKit.framework; path = System/Library/Frameworks/WidgetKit.framework; sourceTree = SDKROOT; };
		EFBE07102D63E4DC004B39A0 /* SwiftUI.framework */ = {isa = PBXFileReference; lastKnownFileType = wrapper.framework; name = SwiftUI.framework; path = System/Library/Frameworks/SwiftUI.framework; sourceTree = SDKROOT; };
		EFBE07282D63E58F004B39A0 /* TopNoteWidgetExtension.entitlements */ = {isa = PBXFileReference; lastKnownFileType = text.plist.entitlements; path = TopNoteWidgetExtension.entitlements; sourceTree = "<group>"; };
/* End PBXFileReference section */

/* Begin PBXFileSystemSynchronizedBuildFileExceptionSet section */
		EFBE07022D63E4C5004B39A0 /* Exceptions for "TopNote" folder in "TopNote" target */ = {
			isa = PBXFileSystemSynchronizedBuildFileExceptionSet;
			membershipExceptions = (
				Info.plist,
			);
			target = EFBE06F12D63E4C3004B39A0 /* TopNote */;
		};
		EFBE07242D63E4DF004B39A0 /* Exceptions for "TopNoteWidget" folder in "TopNoteWidgetExtension" target */ = {
			isa = PBXFileSystemSynchronizedBuildFileExceptionSet;
			membershipExceptions = (
				Info.plist,
			);
			target = EFBE070B2D63E4DC004B39A0 /* TopNoteWidgetExtension */;
		};
		EFBE07272D63E4FC004B39A0 /* Exceptions for "TopNote" folder in "TopNoteWidgetExtension" target */ = {
			isa = PBXFileSystemSynchronizedBuildFileExceptionSet;
			membershipExceptions = (
				Models/Card.swift,
				Models/Folder.swift,
				Models/SampleDeck.swift,
				Models/Tag.swift,
				Support/PreviewSampleData.swift,
				"UI/Helpers/ResponsiveButtons+Icons.swift",
				UI/Icons/ArchiveIcon.swift,
				UI/Icons/DynamicIcon.swift,
				UI/Icons/EnqueueIcon.swift,
				UI/Icons/EssentialIcon.swift,
				UI/Icons/FlashCardIcon.swift,
				UI/Icons/FlipIcon.swift,
				UI/Icons/IconContainer.swift,
				UI/Icons/NextIcon.swift,
				UI/Icons/PlainCardIcon.swift,
				UI/Icons/PriorityIcon.swift,
				UI/Icons/RemoveFromArchiveIcon.swift,
				UI/Icons/SkipIcon.swift,
				UI/Icons/SpacedRepetionIcon.swift,
				UI/Icons/TagIcon.swift,
				UI/SelectedCardStatView.swift,
			);
			target = EFBE070B2D63E4DC004B39A0 /* TopNoteWidgetExtension */;
		};
/* End PBXFileSystemSynchronizedBuildFileExceptionSet section */

/* Begin PBXFileSystemSynchronizedRootGroup section */
		EFBE06F42D63E4C3004B39A0 /* TopNote */ = {
			isa = PBXFileSystemSynchronizedRootGroup;
			exceptions = (
				EFBE07022D63E4C5004B39A0 /* Exceptions for "TopNote" folder in "TopNote" target */,
				EFBE07272D63E4FC004B39A0 /* Exceptions for "TopNote" folder in "TopNoteWidgetExtension" target */,
			);
			path = TopNote;
			sourceTree = "<group>";
		};
		EFBE07122D63E4DC004B39A0 /* TopNoteWidget */ = {
			isa = PBXFileSystemSynchronizedRootGroup;
			exceptions = (
				EFBE07242D63E4DF004B39A0 /* Exceptions for "TopNoteWidget" folder in "TopNoteWidgetExtension" target */,
			);
			path = TopNoteWidget;
			sourceTree = "<group>";
		};
/* End PBXFileSystemSynchronizedRootGroup section */

/* Begin PBXFrameworksBuildPhase section */
		EFBE06EF2D63E4C3004B39A0 /* Frameworks */ = {
			isa = PBXFrameworksBuildPhase;
			buildActionMask = 2147483647;
			files = (
			);
			runOnlyForDeploymentPostprocessing = 0;
		};
		EFBE07092D63E4DC004B39A0 /* Frameworks */ = {
			isa = PBXFrameworksBuildPhase;
			buildActionMask = 2147483647;
			files = (
				EFBE07112D63E4DC004B39A0 /* SwiftUI.framework in Frameworks */,
				EFBE070F2D63E4DC004B39A0 /* WidgetKit.framework in Frameworks */,
			);
			runOnlyForDeploymentPostprocessing = 0;
		};
/* End PBXFrameworksBuildPhase section */

/* Begin PBXGroup section */
		EFBE06E92D63E4C3004B39A0 = {
			isa = PBXGroup;
			children = (
				EFBE07282D63E58F004B39A0 /* TopNoteWidgetExtension.entitlements */,
				EFBE06F42D63E4C3004B39A0 /* TopNote */,
				EFBE07122D63E4DC004B39A0 /* TopNoteWidget */,
				EFBE070D2D63E4DC004B39A0 /* Frameworks */,
				EFBE06F32D63E4C3004B39A0 /* Products */,
			);
			sourceTree = "<group>";
		};
		EFBE06F32D63E4C3004B39A0 /* Products */ = {
			isa = PBXGroup;
			children = (
				EFBE06F22D63E4C3004B39A0 /* TopNote.app */,
				EFBE070C2D63E4DC004B39A0 /* TopNoteWidgetExtension.appex */,
			);
			name = Products;
			sourceTree = "<group>";
		};
		EFBE070D2D63E4DC004B39A0 /* Frameworks */ = {
			isa = PBXGroup;
			children = (
				EFBE070E2D63E4DC004B39A0 /* WidgetKit.framework */,
				EFBE07102D63E4DC004B39A0 /* SwiftUI.framework */,
			);
			name = Frameworks;
			sourceTree = "<group>";
		};
/* End PBXGroup section */

/* Begin PBXNativeTarget section */
		EFBE06F12D63E4C3004B39A0 /* TopNote */ = {
			isa = PBXNativeTarget;
			buildConfigurationList = EFBE07032D63E4C5004B39A0 /* Build configuration list for PBXNativeTarget "TopNote" */;
			buildPhases = (
				EFBE06EE2D63E4C3004B39A0 /* Sources */,
				EFBE06EF2D63E4C3004B39A0 /* Frameworks */,
				EFBE06F02D63E4C3004B39A0 /* Resources */,
				EFBE07252D63E4DF004B39A0 /* Embed Foundation Extensions */,
			);
			buildRules = (
			);
			dependencies = (
				EFBE071F2D63E4DF004B39A0 /* PBXTargetDependency */,
			);
			fileSystemSynchronizedGroups = (
				EFBE06F42D63E4C3004B39A0 /* TopNote */,
			);
			name = TopNote;
			packageProductDependencies = (
			);
			productName = TopNote;
			productReference = EFBE06F22D63E4C3004B39A0 /* TopNote.app */;
			productType = "com.apple.product-type.application";
		};
		EFBE070B2D63E4DC004B39A0 /* TopNoteWidgetExtension */ = {
			isa = PBXNativeTarget;
			buildConfigurationList = EFBE07212D63E4DF004B39A0 /* Build configuration list for PBXNativeTarget "TopNoteWidgetExtension" */;
			buildPhases = (
				EFBE07082D63E4DC004B39A0 /* Sources */,
				EFBE07092D63E4DC004B39A0 /* Frameworks */,
				EFBE070A2D63E4DC004B39A0 /* Resources */,
			);
			buildRules = (
			);
			dependencies = (
			);
			fileSystemSynchronizedGroups = (
				EFBE07122D63E4DC004B39A0 /* TopNoteWidget */,
			);
			name = TopNoteWidgetExtension;
			packageProductDependencies = (
			);
			productName = TopNoteWidgetExtension;
			productReference = EFBE070C2D63E4DC004B39A0 /* TopNoteWidgetExtension.appex */;
			productType = "com.apple.product-type.app-extension";
		};
/* End PBXNativeTarget section */

/* Begin PBXProject section */
		EFBE06EA2D63E4C3004B39A0 /* Project object */ = {
			isa = PBXProject;
			attributes = {
				BuildIndependentTargetsInParallel = 1;
				LastSwiftUpdateCheck = 1600;
				LastUpgradeCheck = 1600;
				TargetAttributes = {
					EFBE06F12D63E4C3004B39A0 = {
						CreatedOnToolsVersion = 16.0;
					};
					EFBE070B2D63E4DC004B39A0 = {
						CreatedOnToolsVersion = 16.0;
					};
				};
			};
			buildConfigurationList = EFBE06ED2D63E4C3004B39A0 /* Build configuration list for PBXProject "TopNote" */;
			developmentRegion = en;
			hasScannedForEncodings = 0;
			knownRegions = (
				en,
				Base,
			);
			mainGroup = EFBE06E92D63E4C3004B39A0;
			minimizedProjectReferenceProxies = 1;
			preferredProjectObjectVersion = 77;
			productRefGroup = EFBE06F32D63E4C3004B39A0 /* Products */;
			projectDirPath = "";
			projectRoot = "";
			targets = (
				EFBE06F12D63E4C3004B39A0 /* TopNote */,
				EFBE070B2D63E4DC004B39A0 /* TopNoteWidgetExtension */,
			);
		};
/* End PBXProject section */

/* Begin PBXResourcesBuildPhase section */
		EFBE06F02D63E4C3004B39A0 /* Resources */ = {
			isa = PBXResourcesBuildPhase;
			buildActionMask = 2147483647;
			files = (
			);
			runOnlyForDeploymentPostprocessing = 0;
		};
		EFBE070A2D63E4DC004B39A0 /* Resources */ = {
			isa = PBXResourcesBuildPhase;
			buildActionMask = 2147483647;
			files = (
			);
			runOnlyForDeploymentPostprocessing = 0;
		};
/* End PBXResourcesBuildPhase section */

/* Begin PBXSourcesBuildPhase section */
		EFBE06EE2D63E4C3004B39A0 /* Sources */ = {
			isa = PBXSourcesBuildPhase;
			buildActionMask = 2147483647;
			files = (
			);
			runOnlyForDeploymentPostprocessing = 0;
		};
		EFBE07082D63E4DC004B39A0 /* Sources */ = {
			isa = PBXSourcesBuildPhase;
			buildActionMask = 2147483647;
			files = (
			);
			runOnlyForDeploymentPostprocessing = 0;
		};
/* End PBXSourcesBuildPhase section */

/* Begin PBXTargetDependency section */
		EFBE071F2D63E4DF004B39A0 /* PBXTargetDependency */ = {
			isa = PBXTargetDependency;
			target = EFBE070B2D63E4DC004B39A0 /* TopNoteWidgetExtension */;
			targetProxy = EFBE071E2D63E4DF004B39A0 /* PBXContainerItemProxy */;
		};
/* End PBXTargetDependency section */

/* Begin XCBuildConfiguration section */
		EFBE07042D63E4C5004B39A0 /* Debug */ = {
			isa = XCBuildConfiguration;
			buildSettings = {
				ASSETCATALOG_COMPILER_APPICON_NAME = AppIcon;
				ASSETCATALOG_COMPILER_GLOBAL_ACCENT_COLOR_NAME = AccentColor;
				CODE_SIGN_ENTITLEMENTS = TopNote/TopNote.entitlements;
				CODE_SIGN_STYLE = Automatic;
				CURRENT_PROJECT_VERSION = 1;
				DEVELOPMENT_ASSET_PATHS = "\"TopNote/Preview Content\"";
				DEVELOPMENT_TEAM = MF8J7AY2X3;
				ENABLE_PREVIEWS = YES;
				GENERATE_INFOPLIST_FILE = YES;
				INFOPLIST_FILE = TopNote/Info.plist;
				INFOPLIST_KEY_UIApplicationSceneManifest_Generation = YES;
				INFOPLIST_KEY_UIApplicationSupportsIndirectInputEvents = YES;
				INFOPLIST_KEY_UILaunchScreen_Generation = YES;
				INFOPLIST_KEY_UISupportedInterfaceOrientations_iPad = "UIInterfaceOrientationPortrait UIInterfaceOrientationPortraitUpsideDown UIInterfaceOrientationLandscapeLeft UIInterfaceOrientationLandscapeRight";
				INFOPLIST_KEY_UISupportedInterfaceOrientations_iPhone = "UIInterfaceOrientationPortrait UIInterfaceOrientationLandscapeLeft UIInterfaceOrientationLandscapeRight";
				LD_RUNPATH_SEARCH_PATHS = (
					"$(inherited)",
					"@executable_path/Frameworks",
				);
				MARKETING_VERSION = 1.0;
				PRODUCT_BUNDLE_IDENTIFIER = zacharysturman.TopNote;
				PRODUCT_NAME = "$(TARGET_NAME)";
				REGISTER_APP_GROUPS = NO;
				SUPPORTED_PLATFORMS = "iphoneos iphonesimulator";
				SUPPORTS_MACCATALYST = NO;
				SUPPORTS_MAC_DESIGNED_FOR_IPHONE_IPAD = YES;
				SWIFT_EMIT_LOC_STRINGS = YES;
				SWIFT_VERSION = 5.0;
				TARGETED_DEVICE_FAMILY = "1,2";
			};
			name = Debug;
		};
		EFBE07052D63E4C5004B39A0 /* Release */ = {
			isa = XCBuildConfiguration;
			buildSettings = {
				ASSETCATALOG_COMPILER_APPICON_NAME = AppIcon;
				ASSETCATALOG_COMPILER_GLOBAL_ACCENT_COLOR_NAME = AccentColor;
				CODE_SIGN_ENTITLEMENTS = TopNote/TopNote.entitlements;
				CODE_SIGN_STYLE = Automatic;
				CURRENT_PROJECT_VERSION = 1;
				DEVELOPMENT_ASSET_PATHS = "\"TopNote/Preview Content\"";
				DEVELOPMENT_TEAM = MF8J7AY2X3;
				ENABLE_PREVIEWS = YES;
				GENERATE_INFOPLIST_FILE = YES;
				INFOPLIST_FILE = TopNote/Info.plist;
				INFOPLIST_KEY_UIApplicationSceneManifest_Generation = YES;
				INFOPLIST_KEY_UIApplicationSupportsIndirectInputEvents = YES;
				INFOPLIST_KEY_UILaunchScreen_Generation = YES;
				INFOPLIST_KEY_UISupportedInterfaceOrientations_iPad = "UIInterfaceOrientationPortrait UIInterfaceOrientationPortraitUpsideDown UIInterfaceOrientationLandscapeLeft UIInterfaceOrientationLandscapeRight";
				INFOPLIST_KEY_UISupportedInterfaceOrientations_iPhone = "UIInterfaceOrientationPortrait UIInterfaceOrientationLandscapeLeft UIInterfaceOrientationLandscapeRight";
				LD_RUNPATH_SEARCH_PATHS = (
					"$(inherited)",
					"@executable_path/Frameworks",
				);
				MARKETING_VERSION = 1.0;
				PRODUCT_BUNDLE_IDENTIFIER = zacharysturman.TopNote;
				PRODUCT_NAME = "$(TARGET_NAME)";
				REGISTER_APP_GROUPS = NO;
				SUPPORTED_PLATFORMS = "iphoneos iphonesimulator";
				SUPPORTS_MACCATALYST = NO;
				SUPPORTS_MAC_DESIGNED_FOR_IPHONE_IPAD = YES;
				SWIFT_EMIT_LOC_STRINGS = YES;
				SWIFT_VERSION = 5.0;
				TARGETED_DEVICE_FAMILY = "1,2";
			};
			name = Release;
		};
		EFBE07062D63E4C5004B39A0 /* Debug */ = {
			isa = XCBuildConfiguration;
			buildSettings = {
				ALWAYS_SEARCH_USER_PATHS = NO;
				ASSETCATALOG_COMPILER_GENERATE_SWIFT_ASSET_SYMBOL_EXTENSIONS = YES;
				CLANG_ANALYZER_NONNULL = YES;
				CLANG_ANALYZER_NUMBER_OBJECT_CONVERSION = YES_AGGRESSIVE;
				CLANG_CXX_LANGUAGE_STANDARD = "gnu++20";
				CLANG_ENABLE_MODULES = YES;
				CLANG_ENABLE_OBJC_ARC = YES;
				CLANG_ENABLE_OBJC_WEAK = YES;
				CLANG_WARN_BLOCK_CAPTURE_AUTORELEASING = YES;
				CLANG_WARN_BOOL_CONVERSION = YES;
				CLANG_WARN_COMMA = YES;
				CLANG_WARN_CONSTANT_CONVERSION = YES;
				CLANG_WARN_DEPRECATED_OBJC_IMPLEMENTATIONS = YES;
				CLANG_WARN_DIRECT_OBJC_ISA_USAGE = YES_ERROR;
				CLANG_WARN_DOCUMENTATION_COMMENTS = YES;
				CLANG_WARN_EMPTY_BODY = YES;
				CLANG_WARN_ENUM_CONVERSION = YES;
				CLANG_WARN_INFINITE_RECURSION = YES;
				CLANG_WARN_INT_CONVERSION = YES;
				CLANG_WARN_NON_LITERAL_NULL_CONVERSION = YES;
				CLANG_WARN_OBJC_IMPLICIT_RETAIN_SELF = YES;
				CLANG_WARN_OBJC_LITERAL_CONVERSION = YES;
				CLANG_WARN_OBJC_ROOT_CLASS = YES_ERROR;
				CLANG_WARN_QUOTED_INCLUDE_IN_FRAMEWORK_HEADER = YES;
				CLANG_WARN_RANGE_LOOP_ANALYSIS = YES;
				CLANG_WARN_STRICT_PROTOTYPES = YES;
				CLANG_WARN_SUSPICIOUS_MOVE = YES;
				CLANG_WARN_UNGUARDED_AVAILABILITY = YES_AGGRESSIVE;
				CLANG_WARN_UNREACHABLE_CODE = YES;
				CLANG_WARN__DUPLICATE_METHOD_MATCH = YES;
				COPY_PHASE_STRIP = NO;
				DEBUG_INFORMATION_FORMAT = dwarf;
				ENABLE_STRICT_OBJC_MSGSEND = YES;
				ENABLE_TESTABILITY = YES;
				ENABLE_USER_SCRIPT_SANDBOXING = YES;
				GCC_C_LANGUAGE_STANDARD = gnu17;
				GCC_DYNAMIC_NO_PIC = NO;
				GCC_NO_COMMON_BLOCKS = YES;
				GCC_OPTIMIZATION_LEVEL = 0;
				GCC_PREPROCESSOR_DEFINITIONS = (
					"DEBUG=1",
					"$(inherited)",
				);
				GCC_WARN_64_TO_32_BIT_CONVERSION = YES;
				GCC_WARN_ABOUT_RETURN_TYPE = YES_ERROR;
				GCC_WARN_UNDECLARED_SELECTOR = YES;
				GCC_WARN_UNINITIALIZED_AUTOS = YES_AGGRESSIVE;
				GCC_WARN_UNUSED_FUNCTION = YES;
				GCC_WARN_UNUSED_VARIABLE = YES;
				IPHONEOS_DEPLOYMENT_TARGET = 18.0;
				LOCALIZATION_PREFERS_STRING_CATALOGS = YES;
				MTL_ENABLE_DEBUG_INFO = INCLUDE_SOURCE;
				MTL_FAST_MATH = YES;
				ONLY_ACTIVE_ARCH = YES;
				SDKROOT = iphoneos;
				SWIFT_ACTIVE_COMPILATION_CONDITIONS = "DEBUG $(inherited)";
				SWIFT_OPTIMIZATION_LEVEL = "-Onone";
			};
			name = Debug;
		};
		EFBE07072D63E4C5004B39A0 /* Release */ = {
			isa = XCBuildConfiguration;
			buildSettings = {
				ALWAYS_SEARCH_USER_PATHS = NO;
				ASSETCATALOG_COMPILER_GENERATE_SWIFT_ASSET_SYMBOL_EXTENSIONS = YES;
				CLANG_ANALYZER_NONNULL = YES;
				CLANG_ANALYZER_NUMBER_OBJECT_CONVERSION = YES_AGGRESSIVE;
				CLANG_CXX_LANGUAGE_STANDARD = "gnu++20";
				CLANG_ENABLE_MODULES = YES;
				CLANG_ENABLE_OBJC_ARC = YES;
				CLANG_ENABLE_OBJC_WEAK = YES;
				CLANG_WARN_BLOCK_CAPTURE_AUTORELEASING = YES;
				CLANG_WARN_BOOL_CONVERSION = YES;
				CLANG_WARN_COMMA = YES;
				CLANG_WARN_CONSTANT_CONVERSION = YES;
				CLANG_WARN_DEPRECATED_OBJC_IMPLEMENTATIONS = YES;
				CLANG_WARN_DIRECT_OBJC_ISA_USAGE = YES_ERROR;
				CLANG_WARN_DOCUMENTATION_COMMENTS = YES;
				CLANG_WARN_EMPTY_BODY = YES;
				CLANG_WARN_ENUM_CONVERSION = YES;
				CLANG_WARN_INFINITE_RECURSION = YES;
				CLANG_WARN_INT_CONVERSION = YES;
				CLANG_WARN_NON_LITERAL_NULL_CONVERSION = YES;
				CLANG_WARN_OBJC_IMPLICIT_RETAIN_SELF = YES;
				CLANG_WARN_OBJC_LITERAL_CONVERSION = YES;
				CLANG_WARN_OBJC_ROOT_CLASS = YES_ERROR;
				CLANG_WARN_QUOTED_INCLUDE_IN_FRAMEWORK_HEADER = YES;
				CLANG_WARN_RANGE_LOOP_ANALYSIS = YES;
				CLANG_WARN_STRICT_PROTOTYPES = YES;
				CLANG_WARN_SUSPICIOUS_MOVE = YES;
				CLANG_WARN_UNGUARDED_AVAILABILITY = YES_AGGRESSIVE;
				CLANG_WARN_UNREACHABLE_CODE = YES;
				CLANG_WARN__DUPLICATE_METHOD_MATCH = YES;
				COPY_PHASE_STRIP = NO;
				DEBUG_INFORMATION_FORMAT = "dwarf-with-dsym";
				ENABLE_NS_ASSERTIONS = NO;
				ENABLE_STRICT_OBJC_MSGSEND = YES;
				ENABLE_USER_SCRIPT_SANDBOXING = YES;
				GCC_C_LANGUAGE_STANDARD = gnu17;
				GCC_NO_COMMON_BLOCKS = YES;
				GCC_WARN_64_TO_32_BIT_CONVERSION = YES;
				GCC_WARN_ABOUT_RETURN_TYPE = YES_ERROR;
				GCC_WARN_UNDECLARED_SELECTOR = YES;
				GCC_WARN_UNINITIALIZED_AUTOS = YES_AGGRESSIVE;
				GCC_WARN_UNUSED_FUNCTION = YES;
				GCC_WARN_UNUSED_VARIABLE = YES;
				IPHONEOS_DEPLOYMENT_TARGET = 18.0;
				LOCALIZATION_PREFERS_STRING_CATALOGS = YES;
				MTL_ENABLE_DEBUG_INFO = NO;
				MTL_FAST_MATH = YES;
				SDKROOT = iphoneos;
				SWIFT_COMPILATION_MODE = wholemodule;
				VALIDATE_PRODUCT = YES;
			};
			name = Release;
		};
		EFBE07222D63E4DF004B39A0 /* Debug */ = {
			isa = XCBuildConfiguration;
			buildSettings = {
				ASSETCATALOG_COMPILER_GLOBAL_ACCENT_COLOR_NAME = AccentColor;
				ASSETCATALOG_COMPILER_WIDGET_BACKGROUND_COLOR_NAME = WidgetBackground;
				CODE_SIGN_ENTITLEMENTS = TopNoteWidgetExtension.entitlements;
				CODE_SIGN_STYLE = Automatic;
				CURRENT_PROJECT_VERSION = 1;
				DEVELOPMENT_TEAM = MF8J7AY2X3;
				GENERATE_INFOPLIST_FILE = YES;
				INFOPLIST_FILE = TopNoteWidget/Info.plist;
				INFOPLIST_KEY_CFBundleDisplayName = TopNoteWidget;
				INFOPLIST_KEY_NSHumanReadableCopyright = "";
				LD_RUNPATH_SEARCH_PATHS = (
					"$(inherited)",
					"@executable_path/Frameworks",
					"@executable_path/../../Frameworks",
				);
				MARKETING_VERSION = 1.0;
				PRODUCT_BUNDLE_IDENTIFIER = zacharysturman.TopNote.TopNoteWidget;
				PRODUCT_NAME = "$(TARGET_NAME)";
				SKIP_INSTALL = YES;
				SWIFT_EMIT_LOC_STRINGS = YES;
				SWIFT_VERSION = 5.0;
				TARGETED_DEVICE_FAMILY = "1,2";
			};
			name = Debug;
		};
		EFBE07232D63E4DF004B39A0 /* Release */ = {
			isa = XCBuildConfiguration;
			buildSettings = {
				ASSETCATALOG_COMPILER_GLOBAL_ACCENT_COLOR_NAME = AccentColor;
				ASSETCATALOG_COMPILER_WIDGET_BACKGROUND_COLOR_NAME = WidgetBackground;
				CODE_SIGN_ENTITLEMENTS = TopNoteWidgetExtension.entitlements;
				CODE_SIGN_STYLE = Automatic;
				CURRENT_PROJECT_VERSION = 1;
				DEVELOPMENT_TEAM = MF8J7AY2X3;
				GENERATE_INFOPLIST_FILE = YES;
				INFOPLIST_FILE = TopNoteWidget/Info.plist;
				INFOPLIST_KEY_CFBundleDisplayName = TopNoteWidget;
				INFOPLIST_KEY_NSHumanReadableCopyright = "";
				LD_RUNPATH_SEARCH_PATHS = (
					"$(inherited)",
					"@executable_path/Frameworks",
					"@executable_path/../../Frameworks",
				);
				MARKETING_VERSION = 1.0;
				PRODUCT_BUNDLE_IDENTIFIER = zacharysturman.TopNote.TopNoteWidget;
				PRODUCT_NAME = "$(TARGET_NAME)";
				SKIP_INSTALL = YES;
				SWIFT_EMIT_LOC_STRINGS = YES;
				SWIFT_VERSION = 5.0;
				TARGETED_DEVICE_FAMILY = "1,2";
			};
			name = Release;
		};
/* End XCBuildConfiguration section */

/* Begin XCConfigurationList section */
		EFBE06ED2D63E4C3004B39A0 /* Build configuration list for PBXProject "TopNote" */ = {
			isa = XCConfigurationList;
			buildConfigurations = (
				EFBE07062D63E4C5004B39A0 /* Debug */,
				EFBE07072D63E4C5004B39A0 /* Release */,
			);
			defaultConfigurationIsVisible = 0;
			defaultConfigurationName = Release;
		};
		EFBE07032D63E4C5004B39A0 /* Build configuration list for PBXNativeTarget "TopNote" */ = {
			isa = XCConfigurationList;
			buildConfigurations = (
				EFBE07042D63E4C5004B39A0 /* Debug */,
				EFBE07052D63E4C5004B39A0 /* Release */,
			);
			defaultConfigurationIsVisible = 0;
			defaultConfigurationName = Release;
		};
		EFBE07212D63E4DF004B39A0 /* Build configuration list for PBXNativeTarget "TopNoteWidgetExtension" */ = {
			isa = XCConfigurationList;
			buildConfigurations = (
				EFBE07222D63E4DF004B39A0 /* Debug */,
				EFBE07232D63E4DF004B39A0 /* Release */,
			);
			defaultConfigurationIsVisible = 0;
			defaultConfigurationName = Release;
		};
/* End XCConfigurationList section */
	};
	rootObject = EFBE06EA2D63E4C3004B39A0 /* Project object */;
}
